
Microsoft Visual Studio Solution File, Format Version 12.00
# Visual Studio Version 16
VisualStudioVersion = 16.0.30114.105
MinimumVisualStudioVersion = 10.0.40219.1
Project("{2150E333-8FDC-42A3-9474-1A3956D46DE8}") = "src", "src", "{31ABBD13-5B20-4051-90A0-BB10100A004D}"
EndProject
Project("{2150E333-8FDC-42A3-9474-1A3956D46DE8}") = "Gateway", "Gateway", "{8C9CE111-2854-4321-A159-91E7DD2E2874}"
EndProject
Project("{FAE04EC0-301F-11D3-BF4B-00C04F79EFBC}") = "Graphql.API", "src\Gateway\Graphql.API\Graphql.API.csproj", "{78221D7E-D3B2-4755-B359-C60989036186}"
EndProject
Project("{2150E333-8FDC-42A3-9474-1A3956D46DE8}") = "Services", "Services", "{E97856A9-79F8-4118-A86F-26A15C44E731}"
EndProject
Project("{2150E333-8FDC-42A3-9474-1A3956D46DE8}") = "Student", "Student", "{0F6109DC-C231-4DA5-AB99-011B78629BFD}"
EndProject
Project("{FAE04EC0-301F-11D3-BF4B-00C04F79EFBC}") = "Student.API", "src\Services\Student\Student.API\Student.API.csproj", "{1540F9F4-2EC2-441E-92F4-29774F902B31}"
EndProject
Project("{2150E333-8FDC-42A3-9474-1A3956D46DE8}") = "Payment", "Payment", "{C3778DEF-F1E2-4772-AAAC-6EED4EC4280A}"
EndProject
Project("{FAE04EC0-301F-11D3-BF4B-00C04F79EFBC}") = "Payment.API", "src\Services\Payment\Payment.API\Payment.API.csproj", "{F9C405C4-3C3C-4F56-8307-C56BD46640B6}"
EndProject
Project("{2150E333-8FDC-42A3-9474-1A3956D46DE8}") = "Address", "Address", "{6B39C3F0-FA20-4B69-8240-07A1FFCEBB1D}"
EndProject
Project("{FAE04EC0-301F-11D3-BF4B-00C04F79EFBC}") = "Address.API", "src\Services\Address\Address.API\Address.API.csproj", "{A47CE2E7-C532-4FC6-92D4-133F20E4DD61}"
EndProject
Global
	GlobalSection(SolutionConfigurationPlatforms) = preSolution
		Debug|Any CPU = Debug|Any CPU
		Debug|x64 = Debug|x64
		Debug|x86 = Debug|x86
		Release|Any CPU = Release|Any CPU
		Release|x64 = Release|x64
		Release|x86 = Release|x86
	EndGlobalSection
	GlobalSection(SolutionProperties) = preSolution
		HideSolutionNode = FALSE
	EndGlobalSection
	GlobalSection(ProjectConfigurationPlatforms) = postSolution
		{78221D7E-D3B2-4755-B359-C60989036186}.Debug|Any CPU.ActiveCfg = Debug|Any CPU
		{78221D7E-D3B2-4755-B359-C60989036186}.Debug|Any CPU.Build.0 = Debug|Any CPU
		{78221D7E-D3B2-4755-B359-C60989036186}.Debug|x64.ActiveCfg = Debug|Any CPU
		{78221D7E-D3B2-4755-B359-C60989036186}.Debug|x64.Build.0 = Debug|Any CPU
		{78221D7E-D3B2-4755-B359-C60989036186}.Debug|x86.ActiveCfg = Debug|Any CPU
		{78221D7E-D3B2-4755-B359-C60989036186}.Debug|x86.Build.0 = Debug|Any CPU
		{78221D7E-D3B2-4755-B359-C60989036186}.Release|Any CPU.ActiveCfg = Release|Any CPU
		{78221D7E-D3B2-4755-B359-C60989036186}.Release|Any CPU.Build.0 = Release|Any CPU
		{78221D7E-D3B2-4755-B359-C60989036186}.Release|x64.ActiveCfg = Release|Any CPU
		{78221D7E-D3B2-4755-B359-C60989036186}.Release|x64.Build.0 = Release|Any CPU
		{78221D7E-D3B2-4755-B359-C60989036186}.Release|x86.ActiveCfg = Release|Any CPU
		{78221D7E-D3B2-4755-B359-C60989036186}.Release|x86.Build.0 = Release|Any CPU
		{1540F9F4-2EC2-441E-92F4-29774F902B31}.Debug|Any CPU.ActiveCfg = Debug|Any CPU
		{1540F9F4-2EC2-441E-92F4-29774F902B31}.Debug|Any CPU.Build.0 = Debug|Any CPU
		{1540F9F4-2EC2-441E-92F4-29774F902B31}.Debug|x64.ActiveCfg = Debug|Any CPU
		{1540F9F4-2EC2-441E-92F4-29774F902B31}.Debug|x64.Build.0 = Debug|Any CPU
		{1540F9F4-2EC2-441E-92F4-29774F902B31}.Debug|x86.ActiveCfg = Debug|Any CPU
		{1540F9F4-2EC2-441E-92F4-29774F902B31}.Debug|x86.Build.0 = Debug|Any CPU
		{1540F9F4-2EC2-441E-92F4-29774F902B31}.Release|Any CPU.ActiveCfg = Release|Any CPU
		{1540F9F4-2EC2-441E-92F4-29774F902B31}.Release|Any CPU.Build.0 = Release|Any CPU
		{1540F9F4-2EC2-441E-92F4-29774F902B31}.Release|x64.ActiveCfg = Release|Any CPU
		{1540F9F4-2EC2-441E-92F4-29774F902B31}.Release|x64.Build.0 = Release|Any CPU
		{1540F9F4-2EC2-441E-92F4-29774F902B31}.Release|x86.ActiveCfg = Release|Any CPU
		{1540F9F4-2EC2-441E-92F4-29774F902B31}.Release|x86.Build.0 = Release|Any CPU
		{F9C405C4-3C3C-4F56-8307-C56BD46640B6}.Debug|Any CPU.ActiveCfg = Debug|Any CPU
		{F9C405C4-3C3C-4F56-8307-C56BD46640B6}.Debug|Any CPU.Build.0 = Debug|Any CPU
		{F9C405C4-3C3C-4F56-8307-C56BD46640B6}.Debug|x64.ActiveCfg = Debug|Any CPU
		{F9C405C4-3C3C-4F56-8307-C56BD46640B6}.Debug|x64.Build.0 = Debug|Any CPU
		{F9C405C4-3C3C-4F56-8307-C56BD46640B6}.Debug|x86.ActiveCfg = Debug|Any CPU
		{F9C405C4-3C3C-4F56-8307-C56BD46640B6}.Debug|x86.Build.0 = Debug|Any CPU
		{F9C405C4-3C3C-4F56-8307-C56BD46640B6}.Release|Any CPU.ActiveCfg = Release|Any CPU
		{F9C405C4-3C3C-4F56-8307-C56BD46640B6}.Release|Any CPU.Build.0 = Release|Any CPU
		{F9C405C4-3C3C-4F56-8307-C56BD46640B6}.Release|x64.ActiveCfg = Release|Any CPU
		{F9C405C4-3C3C-4F56-8307-C56BD46640B6}.Release|x64.Build.0 = Release|Any CPU
		{F9C405C4-3C3C-4F56-8307-C56BD46640B6}.Release|x86.ActiveCfg = Release|Any CPU
		{F9C405C4-3C3C-4F56-8307-C56BD46640B6}.Release|x86.Build.0 = Release|Any CPU
		{A47CE2E7-C532-4FC6-92D4-133F20E4DD61}.Debug|Any CPU.ActiveCfg = Debug|Any CPU
		{A47CE2E7-C532-4FC6-92D4-133F20E4DD61}.Debug|Any CPU.Build.0 = Debug|Any CPU
		{A47CE2E7-C532-4FC6-92D4-133F20E4DD61}.Debug|x64.ActiveCfg = Debug|Any CPU
		{A47CE2E7-C532-4FC6-92D4-133F20E4DD61}.Debug|x64.Build.0 = Debug|Any CPU
		{A47CE2E7-C532-4FC6-92D4-133F20E4DD61}.Debug|x86.ActiveCfg = Debug|Any CPU
		{A47CE2E7-C532-4FC6-92D4-133F20E4DD61}.Debug|x86.Build.0 = Debug|Any CPU
		{A47CE2E7-C532-4FC6-92D4-133F20E4DD61}.Release|Any CPU.ActiveCfg = Release|Any CPU
		{A47CE2E7-C532-4FC6-92D4-133F20E4DD61}.Release|Any CPU.Build.0 = Release|Any CPU
		{A47CE2E7-C532-4FC6-92D4-133F20E4DD61}.Release|x64.ActiveCfg = Release|Any CPU
		{A47CE2E7-C532-4FC6-92D4-133F20E4DD61}.Release|x64.Build.0 = Release|Any CPU
		{A47CE2E7-C532-4FC6-92D4-133F20E4DD61}.Release|x86.ActiveCfg = Release|Any CPU
		{A47CE2E7-C532-4FC6-92D4-133F20E4DD61}.Release|x86.Build.0 = Release|Any CPU
	EndGlobalSection
	GlobalSection(NestedProjects) = preSolution
		{8C9CE111-2854-4321-A159-91E7DD2E2874} = {31ABBD13-5B20-4051-90A0-BB10100A004D}
		{78221D7E-D3B2-4755-B359-C60989036186} = {8C9CE111-2854-4321-A159-91E7DD2E2874}
		{E97856A9-79F8-4118-A86F-26A15C44E731} = {31ABBD13-5B20-4051-90A0-BB10100A004D}
		{0F6109DC-C231-4DA5-AB99-011B78629BFD} = {E97856A9-79F8-4118-A86F-26A15C44E731}
		{1540F9F4-2EC2-441E-92F4-29774F902B31} = {0F6109DC-C231-4DA5-AB99-011B78629BFD}
		{C3778DEF-F1E2-4772-AAAC-6EED4EC4280A} = {E97856A9-79F8-4118-A86F-26A15C44E731}
		{F9C405C4-3C3C-4F56-8307-C56BD46640B6} = {C3778DEF-F1E2-4772-AAAC-6EED4EC4280A}
		{6B39C3F0-FA20-4B69-8240-07A1FFCEBB1D} = {E97856A9-79F8-4118-A86F-26A15C44E731}
		{A47CE2E7-C532-4FC6-92D4-133F20E4DD61} = {6B39C3F0-FA20-4B69-8240-07A1FFCEBB1D}
	EndGlobalSection
EndGlobal
